
Microsoft Visual Studio Solution File, Format Version 12.00
# Visual Studio Version 17
VisualStudioVersion = 17.2.32526.322
MinimumVisualStudioVersion = 10.0.40219.1
Project("{FAE04EC0-301F-11D3-BF4B-00C04F79EFBC}") = "WebApplication1", "WebApplication1\WebApplication1.csproj", "{284B1E9D-6A7C-4E9F-9B24-A984D116F0D3}"
EndProject
Project("{E53339B2-1760-4266-BCC7-CA923CBCF16C}") = "docker-compose", "docker-compose.dcproj", "{EC1CD5ED-D33F-42CB-B544-C108D2405756}"
EndProject
Global
	GlobalSection(SolutionConfigurationPlatforms) = preSolution
		Debug|Any CPU = Debug|Any CPU
		Release|Any CPU = Release|Any CPU
	EndGlobalSection
	GlobalSection(ProjectConfigurationPlatforms) = postSolution
		{284B1E9D-6A7C-4E9F-9B24-A984D116F0D3}.Debug|Any CPU.ActiveCfg = Debug|Any CPU
		{284B1E9D-6A7C-4E9F-9B24-A984D116F0D3}.Debug|Any CPU.Build.0 = Debug|Any CPU
		{284B1E9D-6A7C-4E9F-9B24-A984D116F0D3}.Release|Any CPU.ActiveCfg = Release|Any CPU
		{284B1E9D-6A7C-4E9F-9B24-A984D116F0D3}.Release|Any CPU.Build.0 = Release|Any CPU
		{EC1CD5ED-D33F-42CB-B544-C108D2405756}.Debug|Any CPU.ActiveCfg = Debug|Any CPU
		{EC1CD5ED-D33F-42CB-B544-C108D2405756}.Debug|Any CPU.Build.0 = Debug|Any CPU
		{EC1CD5ED-D33F-42CB-B544-C108D2405756}.Release|Any CPU.ActiveCfg = Release|Any CPU
		{EC1CD5ED-D33F-42CB-B544-C108D2405756}.Release|Any CPU.Build.0 = Release|Any CPU
	EndGlobalSection
	GlobalSection(SolutionProperties) = preSolution
		HideSolutionNode = FALSE
	EndGlobalSection
	GlobalSection(ExtensibilityGlobals) = postSolution
		SolutionGuid = {1BBD1FD2-589D-48CF-982A-7B6FBA990902}
	EndGlobalSection
EndGlobal
